// !$*UTF8*$!
{
	archiveVersion = 1;
	classes = {
	};
	objectVersion = 46;
	objects = {

/* Begin PBXBuildFile section */
		FD1C3F871C2C46990097C365 /* AppDelegate.swift in Sources */ = {isa = PBXBuildFile; fileRef = FD1C3F861C2C46990097C365 /* AppDelegate.swift */; };
		FD1C3F891C2C46990097C365 /* ViewController.swift in Sources */ = {isa = PBXBuildFile; fileRef = FD1C3F881C2C46990097C365 /* ViewController.swift */; };
		FD1C3F8C1C2C46990097C365 /* Main.storyboard in Resources */ = {isa = PBXBuildFile; fileRef = FD1C3F8A1C2C46990097C365 /* Main.storyboard */; };
		FD1C3F8E1C2C46990097C365 /* Assets.xcassets in Resources */ = {isa = PBXBuildFile; fileRef = FD1C3F8D1C2C46990097C365 /* Assets.xcassets */; };
		FD1C3F911C2C46990097C365 /* LaunchScreen.storyboard in Resources */ = {isa = PBXBuildFile; fileRef = FD1C3F8F1C2C46990097C365 /* LaunchScreen.storyboard */; };
		FD1C3F9C1C2C46990097C365 /* tipsTests.swift in Sources */ = {isa = PBXBuildFile; fileRef = FD1C3F9B1C2C46990097C365 /* tipsTests.swift */; };
		FD1C3FA71C2C46990097C365 /* tipsUITests.swift in Sources */ = {isa = PBXBuildFile; fileRef = FD1C3FA61C2C46990097C365 /* tipsUITests.swift */; };
		FD6952501C32EFE90017F3AB /* SettingsViewController.swift in Sources */ = {isa = PBXBuildFile; fileRef = FD69524F1C32EFE90017F3AB /* SettingsViewController.swift */; };
/* End PBXBuildFile section */

/* Begin PBXContainerItemProxy section */
		FD1C3F981C2C46990097C365 /* PBXContainerItemProxy */ = {
			isa = PBXContainerItemProxy;
			containerPortal = FD1C3F7B1C2C46990097C365 /* Project object */;
			proxyType = 1;
			remoteGlobalIDString = FD1C3F821C2C46990097C365;
			remoteInfo = tips;
		};
		FD1C3FA31C2C46990097C365 /* PBXContainerItemProxy */ = {
			isa = PBXContainerItemProxy;
			containerPortal = FD1C3F7B1C2C46990097C365 /* Project object */;
			proxyType = 1;
			remoteGlobalIDString = FD1C3F821C2C46990097C365;
			remoteInfo = tips;
		};
/* End PBXContainerItemProxy section */

/* Begin PBXFileReference section */
		FD1C3F831C2C46990097C365 /* tips.app */ = {isa = PBXFileReference; explicitFileType = wrapper.application; includeInIndex = 0; path = tips.app; sourceTree = BUILT_PRODUCTS_DIR; };
		FD1C3F861C2C46990097C365 /* AppDelegate.swift */ = {isa = PBXFileReference; lastKnownFileType = sourcecode.swift; path = AppDelegate.swift; sourceTree = "<group>"; };
		FD1C3F881C2C46990097C365 /* ViewController.swift */ = {isa = PBXFileReference; lastKnownFileType = sourcecode.swift; path = ViewController.swift; sourceTree = "<group>"; };
		FD1C3F8B1C2C46990097C365 /* Base */ = {isa = PBXFileReference; lastKnownFileType = file.storyboard; name = Base; path = Base.lproj/Main.storyboard; sourceTree = "<group>"; };
		FD1C3F8D1C2C46990097C365 /* Assets.xcassets */ = {isa = PBXFileReference; lastKnownFileType = folder.assetcatalog; path = Assets.xcassets; sourceTree = "<group>"; };
		FD1C3F901C2C46990097C365 /* Base */ = {isa = PBXFileReference; lastKnownFileType = file.storyboard; name = Base; path = Base.lproj/LaunchScreen.storyboard; sourceTree = "<group>"; };
		FD1C3F921C2C46990097C365 /* Info.plist */ = {isa = PBXFileReference; lastKnownFileType = text.plist.xml; path = Info.plist; sourceTree = "<group>"; };
		FD1C3F971C2C46990097C365 /* tipsTests.xctest */ = {isa = PBXFileReference; explicitFileType = wrapper.cfbundle; includeInIndex = 0; path = tipsTests.xctest; sourceTree = BUILT_PRODUCTS_DIR; };
		FD1C3F9B1C2C46990097C365 /* tipsTests.swift */ = {isa = PBXFileReference; lastKnownFileType = sourcecode.swift; path = tipsTests.swift; sourceTree = "<group>"; };
		FD1C3F9D1C2C46990097C365 /* Info.plist */ = {isa = PBXFileReference; lastKnownFileType = text.plist.xml; path = Info.plist; sourceTree = "<group>"; };
		FD1C3FA21C2C46990097C365 /* tipsUITests.xctest */ = {isa = PBXFileReference; explicitFileType = wrapper.cfbundle; includeInIndex = 0; path = tipsUITests.xctest; sourceTree = BUILT_PRODUCTS_DIR; };
		FD1C3FA61C2C46990097C365 /* tipsUITests.swift */ = {isa = PBXFileReference; lastKnownFileType = sourcecode.swift; path = tipsUITests.swift; sourceTree = "<group>"; };
		FD1C3FA81C2C46990097C365 /* Info.plist */ = {isa = PBXFileReference; lastKnownFileType = text.plist.xml; path = Info.plist; sourceTree = "<group>"; };
		FD69524F1C32EFE90017F3AB /* SettingsViewController.swift */ = {isa = PBXFileReference; fileEncoding = 4; lastKnownFileType = sourcecode.swift; path = SettingsViewController.swift; sourceTree = "<group>"; };
/* End PBXFileReference section */

/* Begin PBXFrameworksBuildPhase section */
		FD1C3F801C2C46990097C365 /* Frameworks */ = {
			isa = PBXFrameworksBuildPhase;
			buildActionMask = 2147483647;
			files = (
			);
			runOnlyForDeploymentPostprocessing = 0;
		};
		FD1C3F941C2C46990097C365 /* Frameworks */ = {
			isa = PBXFrameworksBuildPhase;
			buildActionMask = 2147483647;
			files = (
			);
			runOnlyForDeploymentPostprocessing = 0;
		};
		FD1C3F9F1C2C46990097C365 /* Frameworks */ = {
			isa = PBXFrameworksBuildPhase;
			buildActionMask = 2147483647;
			files = (
			);
			runOnlyForDeploymentPostprocessing = 0;
		};
/* End PBXFrameworksBuildPhase section */

/* Begin PBXGroup section */
		FD1C3F7A1C2C46990097C365 = {
			isa = PBXGroup;
			children = (
				FD1C3F851C2C46990097C365 /* tips */,
				FD1C3F9A1C2C46990097C365 /* tipsTests */,
				FD1C3FA51C2C46990097C365 /* tipsUITests */,
				FD1C3F841C2C46990097C365 /* Products */,
			);
			sourceTree = "<group>";
		};
		FD1C3F841C2C46990097C365 /* Products */ = {
			isa = PBXGroup;
			children = (
				FD1C3F831C2C46990097C365 /* tips.app */,
				FD1C3F971C2C46990097C365 /* tipsTests.xctest */,
				FD1C3FA21C2C46990097C365 /* tipsUITests.xctest */,
			);
			name = Products;
			sourceTree = "<group>";
		};
		FD1C3F851C2C46990097C365 /* tips */ = {
			isa = PBXGroup;
			children = (
				FD1C3F861C2C46990097C365 /* AppDelegate.swift */,
				FD1C3F881C2C46990097C365 /* ViewController.swift */,
				FD1C3F8A1C2C46990097C365 /* Main.storyboard */,
				FD69524F1C32EFE90017F3AB /* SettingsViewController.swift */,
				FD1C3F8D1C2C46990097C365 /* Assets.xcassets */,
				FD1C3F8F1C2C46990097C365 /* LaunchScreen.storyboard */,
				FD1C3F921C2C46990097C365 /* Info.plist */,
			);
			path = tips;
			sourceTree = "<group>";
		};
		FD1C3F9A1C2C46990097C365 /* tipsTests */ = {
			isa = PBXGroup;
			children = (
				FD1C3F9B1C2C46990097C365 /* tipsTests.swift */,
				FD1C3F9D1C2C46990097C365 /* Info.plist */,
			);
			path = tipsTests;
			sourceTree = "<group>";
		};
		FD1C3FA51C2C46990097C365 /* tipsUITests */ = {
			isa = PBXGroup;
			children = (
				FD1C3FA61C2C46990097C365 /* tipsUITests.swift */,
				FD1C3FA81C2C46990097C365 /* Info.plist */,
			);
			path = tipsUITests;
			sourceTree = "<group>";
		};
/* End PBXGroup section */

/* Begin PBXNativeTarget section */
		FD1C3F821C2C46990097C365 /* tips */ = {
			isa = PBXNativeTarget;
			buildConfigurationList = FD1C3FAB1C2C46990097C365 /* Build configuration list for PBXNativeTarget "tips" */;
			buildPhases = (
				FD1C3F7F1C2C46990097C365 /* Sources */,
				FD1C3F801C2C46990097C365 /* Frameworks */,
				FD1C3F811C2C46990097C365 /* Resources */,
			);
			buildRules = (
			);
			dependencies = (
			);
			name = tips;
			productName = tips;
			productReference = FD1C3F831C2C46990097C365 /* tips.app */;
			productType = "com.apple.product-type.application";
		};
		FD1C3F961C2C46990097C365 /* tipsTests */ = {
			isa = PBXNativeTarget;
			buildConfigurationList = FD1C3FAE1C2C46990097C365 /* Build configuration list for PBXNativeTarget "tipsTests" */;
			buildPhases = (
				FD1C3F931C2C46990097C365 /* Sources */,
				FD1C3F941C2C46990097C365 /* Frameworks */,
				FD1C3F951C2C46990097C365 /* Resources */,
			);
			buildRules = (
			);
			dependencies = (
				FD1C3F991C2C46990097C365 /* PBXTargetDependency */,
			);
			name = tipsTests;
			productName = tipsTests;
			productReference = FD1C3F971C2C46990097C365 /* tipsTests.xctest */;
			productType = "com.apple.product-type.bundle.unit-test";
		};
		FD1C3FA11C2C46990097C365 /* tipsUITests */ = {
			isa = PBXNativeTarget;
			buildConfigurationList = FD1C3FB11C2C46990097C365 /* Build configuration list for PBXNativeTarget "tipsUITests" */;
			buildPhases = (
				FD1C3F9E1C2C46990097C365 /* Sources */,
				FD1C3F9F1C2C46990097C365 /* Frameworks */,
				FD1C3FA01C2C46990097C365 /* Resources */,
			);
			buildRules = (
			);
			dependencies = (
				FD1C3FA41C2C46990097C365 /* PBXTargetDependency */,
			);
			name = tipsUITests;
			productName = tipsUITests;
			productReference = FD1C3FA21C2C46990097C365 /* tipsUITests.xctest */;
			productType = "com.apple.product-type.bundle.ui-testing";
		};
/* End PBXNativeTarget section */

/* Begin PBXProject section */
		FD1C3F7B1C2C46990097C365 /* Project object */ = {
			isa = PBXProject;
			attributes = {
				LastSwiftUpdateCheck = 0720;
				LastUpgradeCheck = 0720;
				ORGANIZATIONNAME = "ao guo";
				TargetAttributes = {
					FD1C3F821C2C46990097C365 = {
						CreatedOnToolsVersion = 7.2;
						DevelopmentTeam = QTX2428D4L;
					};
					FD1C3F961C2C46990097C365 = {
						CreatedOnToolsVersion = 7.2;
						DevelopmentTeam = QTX2428D4L;
						TestTargetID = FD1C3F821C2C46990097C365;
					};
					FD1C3FA11C2C46990097C365 = {
						CreatedOnToolsVersion = 7.2;
						DevelopmentTeam = QTX2428D4L;
						TestTargetID = FD1C3F821C2C46990097C365;
					};
				};
			};
			buildConfigurationList = FD1C3F7E1C2C46990097C365 /* Build configuration list for PBXProject "tips" */;
			compatibilityVersion = "Xcode 3.2";
			developmentRegion = English;
			hasScannedForEncodings = 0;
			knownRegions = (
				en,
				Base,
			);
			mainGroup = FD1C3F7A1C2C46990097C365;
			productRefGroup = FD1C3F841C2C46990097C365 /* Products */;
			projectDirPath = "";
			projectRoot = "";
			targets = (
				FD1C3F821C2C46990097C365 /* tips */,
				FD1C3F961C2C46990097C365 /* tipsTests */,
				FD1C3FA11C2C46990097C365 /* tipsUITests */,
			);
		};
/* End PBXProject section */

/* Begin PBXResourcesBuildPhase section */
		FD1C3F811C2C46990097C365 /* Resources */ = {
			isa = PBXResourcesBuildPhase;
			buildActionMask = 2147483647;
			files = (
				FD1C3F911C2C46990097C365 /* LaunchScreen.storyboard in Resources */,
				FD1C3F8E1C2C46990097C365 /* Assets.xcassets in Resources */,
				FD1C3F8C1C2C46990097C365 /* Main.storyboard in Resources */,
			);
			runOnlyForDeploymentPostprocessing = 0;
		};
		FD1C3F951C2C46990097C365 /* Resources */ = {
			isa = PBXResourcesBuildPhase;
			buildActionMask = 2147483647;
			files = (
			);
			runOnlyForDeploymentPostprocessing = 0;
		};
		FD1C3FA01C2C46990097C365 /* Resources */ = {
			isa = PBXResourcesBuildPhase;
			buildActionMask = 2147483647;
			files = (
			);
			runOnlyForDeploymentPostprocessing = 0;
		};
/* End PBXResourcesBuildPhase section */

/* Begin PBXSourcesBuildPhase section */
		FD1C3F7F1C2C46990097C365 /* Sources */ = {
			isa = PBXSourcesBuildPhase;
			buildActionMask = 2147483647;
			files = (
				FD1C3F891C2C46990097C365 /* ViewController.swift in Sources */,
				FD1C3F871C2C46990097C365 /* AppDelegate.swift in Sources */,
				FD6952501C32EFE90017F3AB /* SettingsViewController.swift in Sources */,
			);
			runOnlyForDeploymentPostprocessing = 0;
		};
		FD1C3F931C2C46990097C365 /* Sources */ = {
			isa = PBXSourcesBuildPhase;
			buildActionMask = 2147483647;
			files = (
				FD1C3F9C1C2C46990097C365 /* tipsTests.swift in Sources */,
			);
			runOnlyForDeploymentPostprocessing = 0;
		};
		FD1C3F9E1C2C46990097C365 /* Sources */ = {
			isa = PBXSourcesBuildPhase;
			buildActionMask = 2147483647;
			files = (
				FD1C3FA71C2C46990097C365 /* tipsUITests.swift in Sources */,
			);
			runOnlyForDeploymentPostprocessing = 0;
		};
/* End PBXSourcesBuildPhase section */

/* Begin PBXTargetDependency section */
		FD1C3F991C2C46990097C365 /* PBXTargetDependency */ = {
			isa = PBXTargetDependency;
			target = FD1C3F821C2C46990097C365 /* tips */;
			targetProxy = FD1C3F981C2C46990097C365 /* PBXContainerItemProxy */;
		};
		FD1C3FA41C2C46990097C365 /* PBXTargetDependency */ = {
			isa = PBXTargetDependency;
			target = FD1C3F821C2C46990097C365 /* tips */;
			targetProxy = FD1C3FA31C2C46990097C365 /* PBXContainerItemProxy */;
		};
/* End PBXTargetDependency section */

/* Begin PBXVariantGroup section */
		FD1C3F8A1C2C46990097C365 /* Main.storyboard */ = {
			isa = PBXVariantGroup;
			children = (
				FD1C3F8B1C2C46990097C365 /* Base */,
			);
			name = Main.storyboard;
			sourceTree = "<group>";
		};
		FD1C3F8F1C2C46990097C365 /* LaunchScreen.storyboard */ = {
			isa = PBXVariantGroup;
			children = (
				FD1C3F901C2C46990097C365 /* Base */,
			);
			name = LaunchScreen.storyboard;
			sourceTree = "<group>";
		};
/* End PBXVariantGroup section */

/* Begin XCBuildConfiguration section */
		FD1C3FA91C2C46990097C365 /* Debug */ = {
			isa = XCBuildConfiguration;
			buildSettings = {
				ALWAYS_SEARCH_USER_PATHS = NO;
				CLANG_CXX_LANGUAGE_STANDARD = "gnu++0x";
				CLANG_CXX_LIBRARY = "libc++";
				CLANG_ENABLE_MODULES = YES;
				CLANG_ENABLE_OBJC_ARC = YES;
				CLANG_WARN_BOOL_CONVERSION = YES;
				CLANG_WARN_CONSTANT_CONVERSION = YES;
				CLANG_WARN_DIRECT_OBJC_ISA_USAGE = YES_ERROR;
				CLANG_WARN_EMPTY_BODY = YES;
				CLANG_WARN_ENUM_CONVERSION = YES;
				CLANG_WARN_INT_CONVERSION = YES;
				CLANG_WARN_OBJC_ROOT_CLASS = YES_ERROR;
				CLANG_WARN_UNREACHABLE_CODE = YES;
				CLANG_WARN__DUPLICATE_METHOD_MATCH = YES;
				"CODE_SIGN_IDENTITY[sdk=iphoneos*]" = "iPhone Developer";
				COPY_PHASE_STRIP = NO;
				DEBUG_INFORMATION_FORMAT = dwarf;
				ENABLE_STRICT_OBJC_MSGSEND = YES;
				ENABLE_TESTABILITY = YES;
				GCC_C_LANGUAGE_STANDARD = gnu99;
				GCC_DYNAMIC_NO_PIC = NO;
				GCC_NO_COMMON_BLOCKS = YES;
				GCC_OPTIMIZATION_LEVEL = 0;
				GCC_PREPROCESSOR_DEFINITIONS = (
					"DEBUG=1",
					"$(inherited)",
				);
				GCC_WARN_64_TO_32_BIT_CONVERSION = YES;
				GCC_WARN_ABOUT_RETURN_TYPE = YES_ERROR;
				GCC_WARN_UNDECLARED_SELECTOR = YES;
				GCC_WARN_UNINITIALIZED_AUTOS = YES_AGGRESSIVE;
				GCC_WARN_UNUSED_FUNCTION = YES;
				GCC_WARN_UNUSED_VARIABLE = YES;
				IPHONEOS_DEPLOYMENT_TARGET = 9.2;
				MTL_ENABLE_DEBUG_INFO = YES;
				ONLY_ACTIVE_ARCH = YES;
				SDKROOT = iphoneos;
				SWIFT_OPTIMIZATION_LEVEL = "-Onone";
			};
			name = Debug;
		};
		FD1C3FAA1C2C46990097C365 /* Release */ = {
			isa = XCBuildConfiguration;
			buildSettings = {
				ALWAYS_SEARCH_USER_PATHS = NO;
				CLANG_CXX_LANGUAGE_STANDARD = "gnu++0x";
				CLANG_CXX_LIBRARY = "libc++";
				CLANG_ENABLE_MODULES = YES;
				CLANG_ENABLE_OBJC_ARC = YES;
				CLANG_WARN_BOOL_CONVERSION = YES;
				CLANG_WARN_CONSTANT_CONVERSION = YES;
				CLANG_WARN_DIRECT_OBJC_ISA_USAGE = YES_ERROR;
				CLANG_WARN_EMPTY_BODY = YES;
				CLANG_WARN_ENUM_CONVERSION = YES;
				CLANG_WARN_INT_CONVERSION = YES;
				CLANG_WARN_OBJC_ROOT_CLASS = YES_ERROR;
				CLANG_WARN_UNREACHABLE_CODE = YES;
				CLANG_WARN__DUPLICATE_METHOD_MATCH = YES;
				"CODE_SIGN_IDENTITY[sdk=iphoneos*]" = "iPhone Developer";
				COPY_PHASE_STRIP = NO;
				DEBUG_INFORMATION_FORMAT = "dwarf-with-dsym";
				ENABLE_NS_ASSERTIONS = NO;
				ENABLE_STRICT_OBJC_MSGSEND = YES;
				GCC_C_LANGUAGE_STANDARD = gnu99;
				GCC_NO_COMMON_BLOCKS = YES;
				GCC_WARN_64_TO_32_BIT_CONVERSION = YES;
				GCC_WARN_ABOUT_RETURN_TYPE = YES_ERROR;
				GCC_WARN_UNDECLARED_SELECTOR = YES;
				GCC_WARN_UNINITIALIZED_AUTOS = YES_AGGRESSIVE;
				GCC_WARN_UNUSED_FUNCTION = YES;
				GCC_WARN_UNUSED_VARIABLE = YES;
				IPHONEOS_DEPLOYMENT_TARGET = 9.2;
				MTL_ENABLE_DEBUG_INFO = NO;
				SDKROOT = iphoneos;
				VALIDATE_PRODUCT = YES;
			};
			name = Release;
		};
		FD1C3FAC1C2C46990097C365 /* Debug */ = {
			isa = XCBuildConfiguration;
			buildSettings = {
				ASSETCATALOG_COMPILER_APPICON_NAME = AppIcon;
				INFOPLIST_FILE = tips/Info.plist;
				IPHONEOS_DEPLOYMENT_TARGET = 8.2;
				LD_RUNPATH_SEARCH_PATHS = "$(inherited) @executable_path/Frameworks";
				PRODUCT_BUNDLE_IDENTIFIER = com.aoguo.tips;
				PRODUCT_NAME = "$(TARGET_NAME)";
			};
			name = Debug;
		};
		FD1C3FAD1C2C46990097C365 /* Release */ = {
			isa = XCBuildConfiguration;
			buildSettings = {
				ASSETCATALOG_COMPILER_APPICON_NAME = AppIcon;
				INFOPLIST_FILE = tips/Info.plist;
				IPHONEOS_DEPLOYMENT_TARGET = 8.2;
				LD_RUNPATH_SEARCH_PATHS = "$(inherited) @executable_path/Frameworks";
				PRODUCT_BUNDLE_IDENTIFIER = com.aoguo.tips;
				PRODUCT_NAME = "$(TARGET_NAME)";
			};
			name = Release;
		};
		FD1C3FAF1C2C46990097C365 /* Debug */ = {
			isa = XCBuildConfiguration;
			buildSettings = {
				BUNDLE_LOADER = "$(TEST_HOST)";
				INFOPLIST_FILE = tipsTests/Info.plist;
				LD_RUNPATH_SEARCH_PATHS = "$(inherited) @executable_path/Frameworks @loader_path/Frameworks";
				PRODUCT_BUNDLE_IDENTIFIER = com.aoguo.tipsTests;
				PRODUCT_NAME = "$(TARGET_NAME)";
				TEST_HOST = "$(BUILT_PRODUCTS_DIR)/tips.app/tips";
			};
			name = Debug;
		};
		FD1C3FB01C2C46990097C365 /* Release */ = {
			isa = XCBuildConfiguration;
			buildSettings = {
				BUNDLE_LOADER = "$(TEST_HOST)";
				INFOPLIST_FILE = tipsTests/Info.plist;
				LD_RUNPATH_SEARCH_PATHS = "$(inherited) @executable_path/Frameworks @loader_path/Frameworks";
				PRODUCT_BUNDLE_IDENTIFIER = com.aoguo.tipsTests;
				PRODUCT_NAME = "$(TARGET_NAME)";
				TEST_HOST = "$(BUILT_PRODUCTS_DIR)/tips.app/tips";
			};
			name = Release;
		};
		FD1C3FB21C2C46990097C365 /* Debug */ = {
			isa = XCBuildConfiguration;
			buildSettings = {
				INFOPLIST_FILE = tipsUITests/Info.plist;
				LD_RUNPATH_SEARCH_PATHS = "$(inherited) @executable_path/Frameworks @loader_path/Frameworks";
				PRODUCT_BUNDLE_IDENTIFIER = com.aoguo.tipsUITests;
				PRODUCT_NAME = "$(TARGET_NAME)";
				TEST_TARGET_NAME = tips;
				USES_XCTRUNNER = YES;
			};
			name = Debug;
		};
		FD1C3FB31C2C46990097C365 /* Release */ = {
			isa = XCBuildConfiguration;
			buildSettings = {
				INFOPLIST_FILE = tipsUITests/Info.plist;
				LD_RUNPATH_SEARCH_PATHS = "$(inherited) @executable_path/Frameworks @loader_path/Frameworks";
				PRODUCT_BUNDLE_IDENTIFIER = com.aoguo.tipsUITests;
				PRODUCT_NAME = "$(TARGET_NAME)";
				TEST_TARGET_NAME = tips;
				USES_XCTRUNNER = YES;
			};
			name = Release;
		};
/* End XCBuildConfiguration section */

/* Begin XCConfigurationList section */
		FD1C3F7E1C2C46990097C365 /* Build configuration list for PBXProject "tips" */ = {
			isa = XCConfigurationList;
			buildConfigurations = (
				FD1C3FA91C2C46990097C365 /* Debug */,
				FD1C3FAA1C2C46990097C365 /* Release */,
			);
			defaultConfigurationIsVisible = 0;
			defaultConfigurationName = Release;
		};
		FD1C3FAB1C2C46990097C365 /* Build configuration list for PBXNativeTarget "tips" */ = {
			isa = XCConfigurationList;
			buildConfigurations = (
				FD1C3FAC1C2C46990097C365 /* Debug */,
				FD1C3FAD1C2C46990097C365 /* Release */,
			);
			defaultConfigurationIsVisible = 0;
			defaultConfigurationName = Release;
		};
		FD1C3FAE1C2C46990097C365 /* Build configuration list for PBXNativeTarget "tipsTests" */ = {
			isa = XCConfigurationList;
			buildConfigurations = (
				FD1C3FAF1C2C46990097C365 /* Debug */,
				FD1C3FB01C2C46990097C365 /* Release */,
			);
			defaultConfigurationIsVisible = 0;
			defaultConfigurationName = Release;
		};
		FD1C3FB11C2C46990097C365 /* Build configuration list for PBXNativeTarget "tipsUITests" */ = {
			isa = XCConfigurationList;
			buildConfigurations = (
				FD1C3FB21C2C46990097C365 /* Debug */,
				FD1C3FB31C2C46990097C365 /* Release */,
			);
			defaultConfigurationIsVisible = 0;
			defaultConfigurationName = Release;
		};
/* End XCConfigurationList section */
	};
	rootObject = FD1C3F7B1C2C46990097C365 /* Project object */;
}
